
Microsoft Visual Studio Solution File, Format Version 12.00
# Visual Studio Version 17
VisualStudioVersion = 17.14.36623.8 d17.14
MinimumVisualStudioVersion = 10.0.40219.1
Project("{2150E333-8FDC-42A3-9474-1A3956D46DE8}") = "Task0", "Task0", "{02EA681E-C7D8-13C7-8484-4AC65E1B71E8}"
EndProject
Project("{2150E333-8FDC-42A3-9474-1A3956D46DE8}") = "Task1", "Task1", "{066B6D71-0B51-4844-9B52-454D57E31C4C}"
EndProject
Project("{2150E333-8FDC-42A3-9474-1A3956D46DE8}") = "Task2", "Task2", "{AD34D9C4-6F3F-4E9A-B09C-D819BE5BB4D7}"
EndProject
Project("{2150E333-8FDC-42A3-9474-1A3956D46DE8}") = "Task3", "Task3", "{69AE3E4E-C9BF-4479-928A-7BEE4FBAEEBB}"
EndProject
Project("{2150E333-8FDC-42A3-9474-1A3956D46DE8}") = "Task4", "Task4", "{86911EF6-D5D1-48AD-B29C-5687027E40C3}"
EndProject
Project("{2150E333-8FDC-42A3-9474-1A3956D46DE8}") = "Task5", "Task5", "{9BC938F0-1ACC-40EF-8682-793F219CD078}"
EndProject
Project("{2150E333-8FDC-42A3-9474-1A3956D46DE8}") = "Task6", "Task6", "{FE994A1F-9249-4AE4-824A-D783A166E9D2}"
EndProject
Project("{2150E333-8FDC-42A3-9474-1A3956D46DE8}") = "Task7", "Task7", "{23C8570C-7E4E-47E2-83D2-D732A6CE0D59}"
EndProject
Project("{FAE04EC0-301F-11D3-BF4B-00C04F79EFBC}") = "Tyuiu.RadkoVO.Sprint4.Task0.V18.Lib", "Tyuiu.RadkoVO.Sprint4.Task0.V18.Lib\Tyuiu.RadkoVO.Sprint4.Task0.V18.Lib.csproj", "{2536B3FD-DB1F-48E0-9F0B-1828DEC465A3}"
EndProject
Project("{FAE04EC0-301F-11D3-BF4B-00C04F79EFBC}") = "Tyuiu.RadkoVO.Sprint4.Task0.V18", "Tyuiu.RadkoVO.Sprint4.Task0.V18\Tyuiu.RadkoVO.Sprint4.Task0.V18.csproj", "{A9713FFF-BFE3-4633-9F87-52B636660CAC}"
EndProject
Project("{FAE04EC0-301F-11D3-BF4B-00C04F79EFBC}") = "Tyuiu.RadkoVO.Sprint4.Task0.V18.Test", "Tyuiu.RadkoVO.Sprint4.Task0.V18.Test\Tyuiu.RadkoVO.Sprint4.Task0.V18.Test.csproj", "{AC0C80BF-A672-454B-8B03-3993CAFAD2AB}"
EndProject
Project("{FAE04EC0-301F-11D3-BF4B-00C04F79EFBC}") = "Tyuiu.RadkoVO.Sprint4.Task1.V18", "Tyuiu.RadkoVO.Sprint4.Task1.V18\Tyuiu.RadkoVO.Sprint4.Task1.V18.csproj", "{C9B12E1F-9E01-400F-BF44-842FE6B27600}"
EndProject
Project("{FAE04EC0-301F-11D3-BF4B-00C04F79EFBC}") = "Tyuiu.RadkoVO.Sprint4.Task1.V18.Lib", "Tyuiu.RadkoVO.Sprint4.Task1.V18.Lib\Tyuiu.RadkoVO.Sprint4.Task1.V18.Lib.csproj", "{1DFE3F57-F272-460C-AB46-9E0D67BFF798}"
EndProject
Project("{FAE04EC0-301F-11D3-BF4B-00C04F79EFBC}") = "Tyuiu.RadkoVO.Sprint4.Task1.V18.Test", "Tyuiu.RadkoVO.Sprint4.Task1.V18.Test\Tyuiu.RadkoVO.Sprint4.Task1.V18.Test.csproj", "{FE2DBF90-4A97-4426-97D8-0D69935F655A}"
EndProject
Project("{FAE04EC0-301F-11D3-BF4B-00C04F79EFBC}") = "Tyuiu.RadkoVO.Sprint4.Task2.V30.Lib", "Tyuiu.RadkoVO.Sprint4.Task2.V30.Lib\Tyuiu.RadkoVO.Sprint4.Task2.V30.Lib.csproj", "{AF5A1CC5-ECCD-4CE1-8EC5-012C5A4E10FF}"
EndProject
Project("{FAE04EC0-301F-11D3-BF4B-00C04F79EFBC}") = "Tyuiu.RadkoVO.Sprint4.Task2.V30", "Tyuiu.RadkoVO.Sprint4.Task2.V30\Tyuiu.RadkoVO.Sprint4.Task2.V30.csproj", "{B283C60D-5152-4225-9459-6A3A1F3D1CAE}"
EndProject
Project("{FAE04EC0-301F-11D3-BF4B-00C04F79EFBC}") = "Tyuiu.RadkoVO.Sprint4.Task2.V30.Test", "Tyuiu.RadkoVO.Sprint4.Task2.V30.Test\Tyuiu.RadkoVO.Sprint4.Task2.V30.Test.csproj", "{77B8ECD7-C7D9-443C-B44C-A7BAF7B34663}"
EndProject
Project("{FAE04EC0-301F-11D3-BF4B-00C04F79EFBC}") = "Tyuiu.RadkoVO.Sprint4.Task3.V16", "Tyuiu.RadkoVO.Sprint4.Task3.V16\Tyuiu.RadkoVO.Sprint4.Task3.V16.csproj", "{CC81779B-A021-476C-8E8D-D78B497C7F58}"
EndProject
Project("{FAE04EC0-301F-11D3-BF4B-00C04F79EFBC}") = "Tyuiu.RadkoVO.Sprint4.Task3.V16.Lib", "Tyuiu.RadkoVO.Sprint4.Task3.V16.Lib\Tyuiu.RadkoVO.Sprint4.Task3.V16.Lib.csproj", "{932DEDBF-94BD-47DF-95E9-0756E63E1B70}"
EndProject
Project("{FAE04EC0-301F-11D3-BF4B-00C04F79EFBC}") = "Tyuiu.RadkoVO.Sprint4.Task3.V16.Test", "Tyuiu.RadkoVO.Sprint4.Task3.V16.Test\Tyuiu.RadkoVO.Sprint4.Task3.V16.Test.csproj", "{110D9C1D-A6C0-405B-A9A0-B2AB3B743887}"
EndProject
Project("{FAE04EC0-301F-11D3-BF4B-00C04F79EFBC}") = "Tyuiu.RadkoVO.Sprint4.Task4.V9", "Tyuiu.RadkoVO.Sprint4.Task4.V9\Tyuiu.RadkoVO.Sprint4.Task4.V9.csproj", "{EE7918A7-1715-4372-B2EB-39E57B295299}"
EndProject
Project("{FAE04EC0-301F-11D3-BF4B-00C04F79EFBC}") = "Tyuiu.RadkoVO.Sprint4.Task4.V9.Lib", "Tyuiu.RadkoVO.Sprint4.Task4.V9.Lib\Tyuiu.RadkoVO.Sprint4.Task4.V9.Lib.csproj", "{006AE742-9CB1-4D77-BFC4-50637D8BA950}"
EndProject
Project("{FAE04EC0-301F-11D3-BF4B-00C04F79EFBC}") = "Tyuiu.RadkoVO.Sprint4.Task4.V9.Test", "Tyuiu.RadkoVO.Sprint4.Task4.V9.Test\Tyuiu.RadkoVO.Sprint4.Task4.V9.Test.csproj", "{4C26DCBB-26ED-44ED-BD80-B9FF9583268C}"
EndProject
Project("{FAE04EC0-301F-11D3-BF4B-00C04F79EFBC}") = "Tyuiu.RadkoVO.Sprint4.Task5.V1", "Tyuiu.RadkoVO.Sprint4.Task5.V1\Tyuiu.RadkoVO.Sprint4.Task5.V1.csproj", "{461AA4E5-7BF4-415E-9005-D3E5F2448EF0}"
EndProject
Project("{FAE04EC0-301F-11D3-BF4B-00C04F79EFBC}") = "Tyuiu.RadkoVO.Sprint4.Task5.V1.Lib", "Tyuiu.RadkoVO.Sprint4.Task5.V1.Lib\Tyuiu.RadkoVO.Sprint4.Task5.V1.Lib.csproj", "{AAC47DA0-DCD8-4B76-86FF-6DB18DAC8E8C}"
EndProject
Project("{FAE04EC0-301F-11D3-BF4B-00C04F79EFBC}") = "Tyuiu.RadkoVO.Sprint4.Task5.V1.Test", "Tyuiu.RadkoVO.Sprint4.Task5.V1.Test\Tyuiu.RadkoVO.Sprint4.Task5.V1.Test.csproj", "{5FCC23CA-53D9-451E-ABE3-957D62581128}"
EndProject
Global
	GlobalSection(SolutionConfigurationPlatforms) = preSolution
		Debug|Any CPU = Debug|Any CPU
		Release|Any CPU = Release|Any CPU
	EndGlobalSection
	GlobalSection(ProjectConfigurationPlatforms) = postSolution
		{2536B3FD-DB1F-48E0-9F0B-1828DEC465A3}.Debug|Any CPU.ActiveCfg = Debug|Any CPU
		{2536B3FD-DB1F-48E0-9F0B-1828DEC465A3}.Debug|Any CPU.Build.0 = Debug|Any CPU
		{2536B3FD-DB1F-48E0-9F0B-1828DEC465A3}.Release|Any CPU.ActiveCfg = Release|Any CPU
		{2536B3FD-DB1F-48E0-9F0B-1828DEC465A3}.Release|Any CPU.Build.0 = Release|Any CPU
		{A9713FFF-BFE3-4633-9F87-52B636660CAC}.Debug|Any CPU.ActiveCfg = Debug|Any CPU
		{A9713FFF-BFE3-4633-9F87-52B636660CAC}.Debug|Any CPU.Build.0 = Debug|Any CPU
		{A9713FFF-BFE3-4633-9F87-52B636660CAC}.Release|Any CPU.ActiveCfg = Release|Any CPU
		{A9713FFF-BFE3-4633-9F87-52B636660CAC}.Release|Any CPU.Build.0 = Release|Any CPU
		{AC0C80BF-A672-454B-8B03-3993CAFAD2AB}.Debug|Any CPU.ActiveCfg = Debug|Any CPU
		{AC0C80BF-A672-454B-8B03-3993CAFAD2AB}.Debug|Any CPU.Build.0 = Debug|Any CPU
		{AC0C80BF-A672-454B-8B03-3993CAFAD2AB}.Release|Any CPU.ActiveCfg = Release|Any CPU
		{AC0C80BF-A672-454B-8B03-3993CAFAD2AB}.Release|Any CPU.Build.0 = Release|Any CPU
		{C9B12E1F-9E01-400F-BF44-842FE6B27600}.Debug|Any CPU.ActiveCfg = Debug|Any CPU
		{C9B12E1F-9E01-400F-BF44-842FE6B27600}.Debug|Any CPU.Build.0 = Debug|Any CPU
		{C9B12E1F-9E01-400F-BF44-842FE6B27600}.Release|Any CPU.ActiveCfg = Release|Any CPU
		{C9B12E1F-9E01-400F-BF44-842FE6B27600}.Release|Any CPU.Build.0 = Release|Any CPU
		{1DFE3F57-F272-460C-AB46-9E0D67BFF798}.Debug|Any CPU.ActiveCfg = Debug|Any CPU
		{1DFE3F57-F272-460C-AB46-9E0D67BFF798}.Debug|Any CPU.Build.0 = Debug|Any CPU
		{1DFE3F57-F272-460C-AB46-9E0D67BFF798}.Release|Any CPU.ActiveCfg = Release|Any CPU
		{1DFE3F57-F272-460C-AB46-9E0D67BFF798}.Release|Any CPU.Build.0 = Release|Any CPU
		{FE2DBF90-4A97-4426-97D8-0D69935F655A}.Debug|Any CPU.ActiveCfg = Debug|Any CPU
		{FE2DBF90-4A97-4426-97D8-0D69935F655A}.Debug|Any CPU.Build.0 = Debug|Any CPU
		{FE2DBF90-4A97-4426-97D8-0D69935F655A}.Release|Any CPU.ActiveCfg = Release|Any CPU
		{FE2DBF90-4A97-4426-97D8-0D69935F655A}.Release|Any CPU.Build.0 = Release|Any CPU
		{AF5A1CC5-ECCD-4CE1-8EC5-012C5A4E10FF}.Debug|Any CPU.ActiveCfg = Debug|Any CPU
		{AF5A1CC5-ECCD-4CE1-8EC5-012C5A4E10FF}.Debug|Any CPU.Build.0 = Debug|Any CPU
		{AF5A1CC5-ECCD-4CE1-8EC5-012C5A4E10FF}.Release|Any CPU.ActiveCfg = Release|Any CPU
		{AF5A1CC5-ECCD-4CE1-8EC5-012C5A4E10FF}.Release|Any CPU.Build.0 = Release|Any CPU
		{B283C60D-5152-4225-9459-6A3A1F3D1CAE}.Debug|Any CPU.ActiveCfg = Debug|Any CPU
		{B283C60D-5152-4225-9459-6A3A1F3D1CAE}.Debug|Any CPU.Build.0 = Debug|Any CPU
		{B283C60D-5152-4225-9459-6A3A1F3D1CAE}.Release|Any CPU.ActiveCfg = Release|Any CPU
		{B283C60D-5152-4225-9459-6A3A1F3D1CAE}.Release|Any CPU.Build.0 = Release|Any CPU
		{77B8ECD7-C7D9-443C-B44C-A7BAF7B34663}.Debug|Any CPU.ActiveCfg = Debug|Any CPU
		{77B8ECD7-C7D9-443C-B44C-A7BAF7B34663}.Debug|Any CPU.Build.0 = Debug|Any CPU
		{77B8ECD7-C7D9-443C-B44C-A7BAF7B34663}.Release|Any CPU.ActiveCfg = Release|Any CPU
		{77B8ECD7-C7D9-443C-B44C-A7BAF7B34663}.Release|Any CPU.Build.0 = Release|Any CPU
		{CC81779B-A021-476C-8E8D-D78B497C7F58}.Debug|Any CPU.ActiveCfg = Debug|Any CPU
		{CC81779B-A021-476C-8E8D-D78B497C7F58}.Debug|Any CPU.Build.0 = Debug|Any CPU
		{CC81779B-A021-476C-8E8D-D78B497C7F58}.Release|Any CPU.ActiveCfg = Release|Any CPU
		{CC81779B-A021-476C-8E8D-D78B497C7F58}.Release|Any CPU.Build.0 = Release|Any CPU
		{932DEDBF-94BD-47DF-95E9-0756E63E1B70}.Debug|Any CPU.ActiveCfg = Debug|Any CPU
		{932DEDBF-94BD-47DF-95E9-0756E63E1B70}.Debug|Any CPU.Build.0 = Debug|Any CPU
		{932DEDBF-94BD-47DF-95E9-0756E63E1B70}.Release|Any CPU.ActiveCfg = Release|Any CPU
		{932DEDBF-94BD-47DF-95E9-0756E63E1B70}.Release|Any CPU.Build.0 = Release|Any CPU
		{110D9C1D-A6C0-405B-A9A0-B2AB3B743887}.Debug|Any CPU.ActiveCfg = Debug|Any CPU
		{110D9C1D-A6C0-405B-A9A0-B2AB3B743887}.Debug|Any CPU.Build.0 = Debug|Any CPU
		{110D9C1D-A6C0-405B-A9A0-B2AB3B743887}.Release|Any CPU.ActiveCfg = Release|Any CPU
		{110D9C1D-A6C0-405B-A9A0-B2AB3B743887}.Release|Any CPU.Build.0 = Release|Any CPU
		{EE7918A7-1715-4372-B2EB-39E57B295299}.Debug|Any CPU.ActiveCfg = Debug|Any CPU
		{EE7918A7-1715-4372-B2EB-39E57B295299}.Debug|Any CPU.Build.0 = Debug|Any CPU
		{EE7918A7-1715-4372-B2EB-39E57B295299}.Release|Any CPU.ActiveCfg = Release|Any CPU
		{EE7918A7-1715-4372-B2EB-39E57B295299}.Release|Any CPU.Build.0 = Release|Any CPU
		{006AE742-9CB1-4D77-BFC4-50637D8BA950}.Debug|Any CPU.ActiveCfg = Debug|Any CPU
		{006AE742-9CB1-4D77-BFC4-50637D8BA950}.Debug|Any CPU.Build.0 = Debug|Any CPU
		{006AE742-9CB1-4D77-BFC4-50637D8BA950}.Release|Any CPU.ActiveCfg = Release|Any CPU
		{006AE742-9CB1-4D77-BFC4-50637D8BA950}.Release|Any CPU.Build.0 = Release|Any CPU
		{4C26DCBB-26ED-44ED-BD80-B9FF9583268C}.Debug|Any CPU.ActiveCfg = Debug|Any CPU
		{4C26DCBB-26ED-44ED-BD80-B9FF9583268C}.Debug|Any CPU.Build.0 = Debug|Any CPU
		{4C26DCBB-26ED-44ED-BD80-B9FF9583268C}.Release|Any CPU.ActiveCfg = Release|Any CPU
		{4C26DCBB-26ED-44ED-BD80-B9FF9583268C}.Release|Any CPU.Build.0 = Release|Any CPU
		{461AA4E5-7BF4-415E-9005-D3E5F2448EF0}.Debug|Any CPU.ActiveCfg = Debug|Any CPU
		{461AA4E5-7BF4-415E-9005-D3E5F2448EF0}.Debug|Any CPU.Build.0 = Debug|Any CPU
		{461AA4E5-7BF4-415E-9005-D3E5F2448EF0}.Release|Any CPU.ActiveCfg = Release|Any CPU
		{461AA4E5-7BF4-415E-9005-D3E5F2448EF0}.Release|Any CPU.Build.0 = Release|Any CPU
		{AAC47DA0-DCD8-4B76-86FF-6DB18DAC8E8C}.Debug|Any CPU.ActiveCfg = Debug|Any CPU
		{AAC47DA0-DCD8-4B76-86FF-6DB18DAC8E8C}.Debug|Any CPU.Build.0 = Debug|Any CPU
		{AAC47DA0-DCD8-4B76-86FF-6DB18DAC8E8C}.Release|Any CPU.ActiveCfg = Release|Any CPU
		{AAC47DA0-DCD8-4B76-86FF-6DB18DAC8E8C}.Release|Any CPU.Build.0 = Release|Any CPU
		{5FCC23CA-53D9-451E-ABE3-957D62581128}.Debug|Any CPU.ActiveCfg = Debug|Any CPU
		{5FCC23CA-53D9-451E-ABE3-957D62581128}.Debug|Any CPU.Build.0 = Debug|Any CPU
		{5FCC23CA-53D9-451E-ABE3-957D62581128}.Release|Any CPU.ActiveCfg = Release|Any CPU
		{5FCC23CA-53D9-451E-ABE3-957D62581128}.Release|Any CPU.Build.0 = Release|Any CPU
	EndGlobalSection
	GlobalSection(SolutionProperties) = preSolution
		HideSolutionNode = FALSE
	EndGlobalSection
	GlobalSection(NestedProjects) = preSolution
		{2536B3FD-DB1F-48E0-9F0B-1828DEC465A3} = {02EA681E-C7D8-13C7-8484-4AC65E1B71E8}
		{A9713FFF-BFE3-4633-9F87-52B636660CAC} = {02EA681E-C7D8-13C7-8484-4AC65E1B71E8}
		{AC0C80BF-A672-454B-8B03-3993CAFAD2AB} = {02EA681E-C7D8-13C7-8484-4AC65E1B71E8}
		{C9B12E1F-9E01-400F-BF44-842FE6B27600} = {066B6D71-0B51-4844-9B52-454D57E31C4C}
		{1DFE3F57-F272-460C-AB46-9E0D67BFF798} = {066B6D71-0B51-4844-9B52-454D57E31C4C}
		{FE2DBF90-4A97-4426-97D8-0D69935F655A} = {066B6D71-0B51-4844-9B52-454D57E31C4C}
		{AF5A1CC5-ECCD-4CE1-8EC5-012C5A4E10FF} = {AD34D9C4-6F3F-4E9A-B09C-D819BE5BB4D7}
		{B283C60D-5152-4225-9459-6A3A1F3D1CAE} = {AD34D9C4-6F3F-4E9A-B09C-D819BE5BB4D7}
		{77B8ECD7-C7D9-443C-B44C-A7BAF7B34663} = {AD34D9C4-6F3F-4E9A-B09C-D819BE5BB4D7}
		{CC81779B-A021-476C-8E8D-D78B497C7F58} = {69AE3E4E-C9BF-4479-928A-7BEE4FBAEEBB}
		{932DEDBF-94BD-47DF-95E9-0756E63E1B70} = {69AE3E4E-C9BF-4479-928A-7BEE4FBAEEBB}
		{110D9C1D-A6C0-405B-A9A0-B2AB3B743887} = {69AE3E4E-C9BF-4479-928A-7BEE4FBAEEBB}
		{EE7918A7-1715-4372-B2EB-39E57B295299} = {86911EF6-D5D1-48AD-B29C-5687027E40C3}
		{006AE742-9CB1-4D77-BFC4-50637D8BA950} = {86911EF6-D5D1-48AD-B29C-5687027E40C3}
		{4C26DCBB-26ED-44ED-BD80-B9FF9583268C} = {86911EF6-D5D1-48AD-B29C-5687027E40C3}
		{461AA4E5-7BF4-415E-9005-D3E5F2448EF0} = {9BC938F0-1ACC-40EF-8682-793F219CD078}
		{AAC47DA0-DCD8-4B76-86FF-6DB18DAC8E8C} = {9BC938F0-1ACC-40EF-8682-793F219CD078}
		{5FCC23CA-53D9-451E-ABE3-957D62581128} = {9BC938F0-1ACC-40EF-8682-793F219CD078}
	EndGlobalSection
	GlobalSection(ExtensibilityGlobals) = postSolution
		SolutionGuid = {18E00918-8D3B-4A33-8D53-6CD40FF7B16B}
	EndGlobalSection
EndGlobal
